
Microsoft Visual Studio Solution File, Format Version 12.00
# Visual Studio Version 17
VisualStudioVersion = 17.6.33801.468
MinimumVisualStudioVersion = 10.0.40219.1
Project("{FAE04EC0-301F-11D3-BF4B-00C04F79EFBC}") = "ELibraryManagement", "ELibraryManagement\ELibraryManagement.csproj", "{6F89899B-C4B1-4B54-992A-71F837080E90}"
EndProject
Global
	GlobalSection(SolutionConfigurationPlatforms) = preSolution
		Debug|Any CPU = Debug|Any CPU
		Release|Any CPU = Release|Any CPU
	EndGlobalSection
	GlobalSection(ProjectConfigurationPlatforms) = postSolution
		{6F89899B-C4B1-4B54-992A-71F837080E90}.Debug|Any CPU.ActiveCfg = Debug|Any CPU
		{6F89899B-C4B1-4B54-992A-71F837080E90}.Debug|Any CPU.Build.0 = Debug|Any CPU
		{6F89899B-C4B1-4B54-992A-71F837080E90}.Release|Any CPU.ActiveCfg = Release|Any CPU
		{6F89899B-C4B1-4B54-992A-71F837080E90}.Release|Any CPU.Build.0 = Release|Any CPU
	EndGlobalSection
	GlobalSection(SolutionProperties) = preSolution
		HideSolutionNode = FALSE
	EndGlobalSection
	GlobalSection(ExtensibilityGlobals) = postSolution
		SolutionGuid = {7574B0D7-E419-4A86-9311-C74260D2002F}
	EndGlobalSection
EndGlobal
